
Microsoft Visual Studio Solution File, Format Version 12.00
# Visual Studio Version 16
VisualStudioVersion = 16.0.34601.136
MinimumVisualStudioVersion = 10.0.40219.1
Project("{FAE04EC0-301F-11D3-BF4B-00C04F79EFBC}") = "PracticalNo1All", "PracticalNo1All\PracticalNo1All.csproj", "{87A32E21-E77E-457F-A3B1-7CEEC987818D}"
EndProject
Global
	GlobalSection(SolutionConfigurationPlatforms) = preSolution
		Debug|Any CPU = Debug|Any CPU
		Release|Any CPU = Release|Any CPU
	EndGlobalSection
	GlobalSection(ProjectConfigurationPlatforms) = postSolution
		{87A32E21-E77E-457F-A3B1-7CEEC987818D}.Debug|Any CPU.ActiveCfg = Debug|Any CPU
		{87A32E21-E77E-457F-A3B1-7CEEC987818D}.Debug|Any CPU.Build.0 = Debug|Any CPU
		{87A32E21-E77E-457F-A3B1-7CEEC987818D}.Release|Any CPU.ActiveCfg = Release|Any CPU
		{87A32E21-E77E-457F-A3B1-7CEEC987818D}.Release|Any CPU.Build.0 = Release|Any CPU
	EndGlobalSection
	GlobalSection(SolutionProperties) = preSolution
		HideSolutionNode = FALSE
	EndGlobalSection
	GlobalSection(ExtensibilityGlobals) = postSolution
		SolutionGuid = {FB8D46CE-9FA3-4D24-AF92-D873698F9BF0}
	EndGlobalSection
EndGlobal
