
Microsoft Visual Studio Solution File, Format Version 12.00
# Visual Studio Version 16
VisualStudioVersion = 16.0.34601.136
MinimumVisualStudioVersion = 10.0.40219.1
Project("{FAE04EC0-301F-11D3-BF4B-00C04F79EFBC}") = "PracticalNo2Question3", "PracticalNo2Question3\PracticalNo2Question3.csproj", "{6B1DC8C3-317A-4FCF-9F1F-019C5675B34A}"
EndProject
Global
	GlobalSection(SolutionConfigurationPlatforms) = preSolution
		Debug|Any CPU = Debug|Any CPU
		Release|Any CPU = Release|Any CPU
	EndGlobalSection
	GlobalSection(ProjectConfigurationPlatforms) = postSolution
		{6B1DC8C3-317A-4FCF-9F1F-019C5675B34A}.Debug|Any CPU.ActiveCfg = Debug|Any CPU
		{6B1DC8C3-317A-4FCF-9F1F-019C5675B34A}.Debug|Any CPU.Build.0 = Debug|Any CPU
		{6B1DC8C3-317A-4FCF-9F1F-019C5675B34A}.Release|Any CPU.ActiveCfg = Release|Any CPU
		{6B1DC8C3-317A-4FCF-9F1F-019C5675B34A}.Release|Any CPU.Build.0 = Release|Any CPU
	EndGlobalSection
	GlobalSection(SolutionProperties) = preSolution
		HideSolutionNode = FALSE
	EndGlobalSection
	GlobalSection(ExtensibilityGlobals) = postSolution
		SolutionGuid = {7D603851-432B-4F6A-B32F-799E9C5264CC}
	EndGlobalSection
EndGlobal
